
Microsoft Visual Studio Solution File, Format Version 12.00
# Visual Studio Version 16
VisualStudioVersion = 16.0.29324.140
MinimumVisualStudioVersion = 10.0.40219.1
Project("{FAE04EC0-301F-11D3-BF4B-00C04F79EFBC}") = "Ejercicio.4", "Ejercicio.4\Ejercicio.4.csproj", "{FFF5A15C-127C-4D6E-9B73-ACF3DFCBC977}"
EndProject
Global
	GlobalSection(SolutionConfigurationPlatforms) = preSolution
		Debug|Any CPU = Debug|Any CPU
		Release|Any CPU = Release|Any CPU
	EndGlobalSection
	GlobalSection(ProjectConfigurationPlatforms) = postSolution
		{FFF5A15C-127C-4D6E-9B73-ACF3DFCBC977}.Debug|Any CPU.ActiveCfg = Debug|Any CPU
		{FFF5A15C-127C-4D6E-9B73-ACF3DFCBC977}.Debug|Any CPU.Build.0 = Debug|Any CPU
		{FFF5A15C-127C-4D6E-9B73-ACF3DFCBC977}.Release|Any CPU.ActiveCfg = Release|Any CPU
		{FFF5A15C-127C-4D6E-9B73-ACF3DFCBC977}.Release|Any CPU.Build.0 = Release|Any CPU
	EndGlobalSection
	GlobalSection(SolutionProperties) = preSolution
		HideSolutionNode = FALSE
	EndGlobalSection
	GlobalSection(ExtensibilityGlobals) = postSolution
		SolutionGuid = {BBA495AE-6A24-48AD-9713-010EC84C74DC}
	EndGlobalSection
EndGlobal
